// !$*UTF8*$!
{
	archiveVersion = 1;
	classes = {
	};
	objectVersion = 50;
	objects = {

/* Begin PBXBuildFile section */
		F4A6A0E322FBBD9E0024B541 /* AppDelegate.swift in Sources */ = {isa = PBXBuildFile; fileRef = F4A6A0E222FBBD9E0024B541 /* AppDelegate.swift */; };
		F4A6A0E522FBBD9E0024B541 /* ViewController.swift in Sources */ = {isa = PBXBuildFile; fileRef = F4A6A0E422FBBD9E0024B541 /* ViewController.swift */; };
		F4A6A0E822FBBD9E0024B541 /* Main.storyboard in Resources */ = {isa = PBXBuildFile; fileRef = F4A6A0E622FBBD9E0024B541 /* Main.storyboard */; };
		F4A6A0EA22FBBD9F0024B541 /* Assets.xcassets in Resources */ = {isa = PBXBuildFile; fileRef = F4A6A0E922FBBD9F0024B541 /* Assets.xcassets */; };
		F4A6A0ED22FBBD9F0024B541 /* LaunchScreen.storyboard in Resources */ = {isa = PBXBuildFile; fileRef = F4A6A0EB22FBBD9F0024B541 /* LaunchScreen.storyboard */; };
		F4A6A0F522FBBFB40024B541 /* TableViewCell.swift in Sources */ = {isa = PBXBuildFile; fileRef = F4A6A0F422FBBFB40024B541 /* TableViewCell.swift */; };
/* End PBXBuildFile section */

/* Begin PBXFileReference section */
		F4A6A0DF22FBBD9E0024B541 /* DemoSearchBar.app */ = {isa = PBXFileReference; explicitFileType = wrapper.application; includeInIndex = 0; path = DemoSearchBar.app; sourceTree = BUILT_PRODUCTS_DIR; };
		F4A6A0E222FBBD9E0024B541 /* AppDelegate.swift */ = {isa = PBXFileReference; lastKnownFileType = sourcecode.swift; path = AppDelegate.swift; sourceTree = "<group>"; };
		F4A6A0E422FBBD9E0024B541 /* ViewController.swift */ = {isa = PBXFileReference; lastKnownFileType = sourcecode.swift; path = ViewController.swift; sourceTree = "<group>"; };
		F4A6A0E722FBBD9E0024B541 /* Base */ = {isa = PBXFileReference; lastKnownFileType = file.storyboard; name = Base; path = Base.lproj/Main.storyboard; sourceTree = "<group>"; };
		F4A6A0E922FBBD9F0024B541 /* Assets.xcassets */ = {isa = PBXFileReference; lastKnownFileType = folder.assetcatalog; path = Assets.xcassets; sourceTree = "<group>"; };
		F4A6A0EC22FBBD9F0024B541 /* Base */ = {isa = PBXFileReference; lastKnownFileType = file.storyboard; name = Base; path = Base.lproj/LaunchScreen.storyboard; sourceTree = "<group>"; };
		F4A6A0EE22FBBD9F0024B541 /* Info.plist */ = {isa = PBXFileReference; lastKnownFileType = text.plist.xml; path = Info.plist; sourceTree = "<group>"; };
		F4A6A0F422FBBFB40024B541 /* TableViewCell.swift */ = {isa = PBXFileReference; lastKnownFileType = sourcecode.swift; path = TableViewCell.swift; sourceTree = "<group>"; };
/* End PBXFileReference section */

/* Begin PBXFrameworksBuildPhase section */
		F4A6A0DC22FBBD9E0024B541 /* Frameworks */ = {
			isa = PBXFrameworksBuildPhase;
			buildActionMask = 2147483647;
			files = (
			);
			runOnlyForDeploymentPostprocessing = 0;
		};
/* End PBXFrameworksBuildPhase section */

/* Begin PBXGroup section */
		F4A6A0D622FBBD9E0024B541 = {
			isa = PBXGroup;
			children = (
				F4A6A0E122FBBD9E0024B541 /* DemoSearchBar */,
				F4A6A0E022FBBD9E0024B541 /* Products */,
			);
			sourceTree = "<group>";
		};
		F4A6A0E022FBBD9E0024B541 /* Products */ = {
			isa = PBXGroup;
			children = (
				F4A6A0DF22FBBD9E0024B541 /* DemoSearchBar.app */,
			);
			name = Products;
			sourceTree = "<group>";
		};
		F4A6A0E122FBBD9E0024B541 /* DemoSearchBar */ = {
			isa = PBXGroup;
			children = (
				F4A6A0E222FBBD9E0024B541 /* AppDelegate.swift */,
				F4A6A0E422FBBD9E0024B541 /* ViewController.swift */,
				F4A6A0F422FBBFB40024B541 /* TableViewCell.swift */,
				F4A6A0E622FBBD9E0024B541 /* Main.storyboard */,
				F4A6A0E922FBBD9F0024B541 /* Assets.xcassets */,
				F4A6A0EB22FBBD9F0024B541 /* LaunchScreen.storyboard */,
				F4A6A0EE22FBBD9F0024B541 /* Info.plist */,
			);
			path = DemoSearchBar;
			sourceTree = "<group>";
		};
/* End PBXGroup section */

/* Begin PBXNativeTarget section */
		F4A6A0DE22FBBD9E0024B541 /* DemoSearchBar */ = {
			isa = PBXNativeTarget;
			buildConfigurationList = F4A6A0F122FBBD9F0024B541 /* Build configuration list for PBXNativeTarget "DemoSearchBar" */;
			buildPhases = (
				F4A6A0DB22FBBD9E0024B541 /* Sources */,
				F4A6A0DC22FBBD9E0024B541 /* Frameworks */,
				F4A6A0DD22FBBD9E0024B541 /* Resources */,
			);
			buildRules = (
			);
			dependencies = (
			);
			name = DemoSearchBar;
			productName = DemoSearchBar;
			productReference = F4A6A0DF22FBBD9E0024B541 /* DemoSearchBar.app */;
			productType = "com.apple.product-type.application";
		};
/* End PBXNativeTarget section */

/* Begin PBXProject section */
		F4A6A0D722FBBD9E0024B541 /* Project object */ = {
			isa = PBXProject;
			attributes = {
				LastSwiftUpdateCheck = 1000;
				LastUpgradeCheck = 1000;
				ORGANIZATIONNAME = Ngoc;
				TargetAttributes = {
					F4A6A0DE22FBBD9E0024B541 = {
						CreatedOnToolsVersion = 10.0;
					};
				};
			};
			buildConfigurationList = F4A6A0DA22FBBD9E0024B541 /* Build configuration list for PBXProject "DemoSearchBar" */;
			compatibilityVersion = "Xcode 9.3";
			developmentRegion = en;
			hasScannedForEncodings = 0;
			knownRegions = (
				en,
				Base,
			);
			mainGroup = F4A6A0D622FBBD9E0024B541;
			productRefGroup = F4A6A0E022FBBD9E0024B541 /* Products */;
			projectDirPath = "";
			projectRoot = "";
			targets = (
				F4A6A0DE22FBBD9E0024B541 /* DemoSearchBar */,
			);
		};
/* End PBXProject section */

/* Begin PBXResourcesBuildPhase section */
		F4A6A0DD22FBBD9E0024B541 /* Resources */ = {
			isa = PBXResourcesBuildPhase;
			buildActionMask = 2147483647;
			files = (
				F4A6A0ED22FBBD9F0024B541 /* LaunchScreen.storyboard in Resources */,
				F4A6A0EA22FBBD9F0024B541 /* Assets.xcassets in Resources */,
				F4A6A0E822FBBD9E0024B541 /* Main.storyboard in Resources */,
			);
			runOnlyForDeploymentPostprocessing = 0;
		};
/* End PBXResourcesBuildPhase section */

/* Begin PBXSourcesBuildPhase section */
		F4A6A0DB22FBBD9E0024B541 /* Sources */ = {
			isa = PBXSourcesBuildPhase;
			buildActionMask = 2147483647;
			files = (
				F4A6A0F522FBBFB40024B541 /* TableViewCell.swift in Sources */,
				F4A6A0E522FBBD9E0024B541 /* ViewController.swift in Sources */,
				F4A6A0E322FBBD9E0024B541 /* AppDelegate.swift in Sources */,
			);
			runOnlyForDeploymentPostprocessing = 0;
		};
/* End PBXSourcesBuildPhase section */

/* Begin PBXVariantGroup section */
		F4A6A0E622FBBD9E0024B541 /* Main.storyboard */ = {
			isa = PBXVariantGroup;
			children = (
				F4A6A0E722FBBD9E0024B541 /* Base */,
			);
			name = Main.storyboard;
			sourceTree = "<group>";
		};
		F4A6A0EB22FBBD9F0024B541 /* LaunchScreen.storyboard */ = {
			isa = PBXVariantGroup;
			children = (
				F4A6A0EC22FBBD9F0024B541 /* Base */,
			);
			name = LaunchScreen.storyboard;
			sourceTree = "<group>";
		};
/* End PBXVariantGroup section */

/* Begin XCBuildConfiguration section */
		F4A6A0EF22FBBD9F0024B541 /* Debug */ = {
			isa = XCBuildConfiguration;
			buildSettings = {
				ALWAYS_SEARCH_USER_PATHS = NO;
				CLANG_ANALYZER_NONNULL = YES;
				CLANG_ANALYZER_NUMBER_OBJECT_CONVERSION = YES_AGGRESSIVE;
				CLANG_CXX_LANGUAGE_STANDARD = "gnu++14";
				CLANG_CXX_LIBRARY = "libc++";
				CLANG_ENABLE_MODULES = YES;
				CLANG_ENABLE_OBJC_ARC = YES;
				CLANG_ENABLE_OBJC_WEAK = YES;
				CLANG_WARN_BLOCK_CAPTURE_AUTORELEASING = YES;
				CLANG_WARN_BOOL_CONVERSION = YES;
				CLANG_WARN_COMMA = YES;
				CLANG_WARN_CONSTANT_CONVERSION = YES;
				CLANG_WARN_DEPRECATED_OBJC_IMPLEMENTATIONS = YES;
				CLANG_WARN_DIRECT_OBJC_ISA_USAGE = YES_ERROR;
				CLANG_WARN_DOCUMENTATION_COMMENTS = YES;
				CLANG_WARN_EMPTY_BODY = YES;
				CLANG_WARN_ENUM_CONVERSION = YES;
				CLANG_WARN_INFINITE_RECURSION = YES;
				CLANG_WARN_INT_CONVERSION = YES;
				CLANG_WARN_NON_LITERAL_NULL_CONVERSION = YES;
				CLANG_WARN_OBJC_IMPLICIT_RETAIN_SELF = YES;
				CLANG_WARN_OBJC_LITERAL_CONVERSION = YES;
				CLANG_WARN_OBJC_ROOT_CLASS = YES_ERROR;
				CLANG_WARN_RANGE_LOOP_ANALYSIS = YES;
				CLANG_WARN_STRICT_PROTOTYPES = YES;
				CLANG_WARN_SUSPICIOUS_MOVE = YES;
				CLANG_WARN_UNGUARDED_AVAILABILITY = YES_AGGRESSIVE;
				CLANG_WARN_UNREACHABLE_CODE = YES;
				CLANG_WARN__DUPLICATE_METHOD_MATCH = YES;
				CODE_SIGN_IDENTITY = "iPhone Developer";
				COPY_PHASE_STRIP = NO;
				DEBUG_INFORMATION_FORMAT = dwarf;
				ENABLE_STRICT_OBJC_MSGSEND = YES;
				ENABLE_TESTABILITY = YES;
				GCC_C_LANGUAGE_STANDARD = gnu11;
				GCC_DYNAMIC_NO_PIC = NO;
				GCC_NO_COMMON_BLOCKS = YES;
				GCC_OPTIMIZATION_LEVEL = 0;
				GCC_PREPROCESSOR_DEFINITIONS = (
					"DEBUG=1",
					"$(inherited)",
				);
				GCC_WARN_64_TO_32_BIT_CONVERSION = YES;
				GCC_WARN_ABOUT_RETURN_TYPE = YES_ERROR;
				GCC_WARN_UNDECLARED_SELECTOR = YES;
				GCC_WARN_UNINITIALIZED_AUTOS = YES_AGGRESSIVE;
				GCC_WARN_UNUSED_FUNCTION = YES;
				GCC_WARN_UNUSED_VARIABLE = YES;
				IPHONEOS_DEPLOYMENT_TARGET = 12.0;
				MTL_ENABLE_DEBUG_INFO = INCLUDE_SOURCE;
				MTL_FAST_MATH = YES;
				ONLY_ACTIVE_ARCH = YES;
				SDKROOT = iphoneos;
				SWIFT_ACTIVE_COMPILATION_CONDITIONS = DEBUG;
				SWIFT_OPTIMIZATION_LEVEL = "-Onone";
			};
			name = Debug;
		};
		F4A6A0F022FBBD9F0024B541 /* Release */ = {
			isa = XCBuildConfiguration;
			buildSettings = {
				ALWAYS_SEARCH_USER_PATHS = NO;
				CLANG_ANALYZER_NONNULL = YES;
				CLANG_ANALYZER_NUMBER_OBJECT_CONVERSION = YES_AGGRESSIVE;
				CLANG_CXX_LANGUAGE_STANDARD = "gnu++14";
				CLANG_CXX_LIBRARY = "libc++";
				CLANG_ENABLE_MODULES = YES;
				CLANG_ENABLE_OBJC_ARC = YES;
				CLANG_ENABLE_OBJC_WEAK = YES;
				CLANG_WARN_BLOCK_CAPTURE_AUTORELEASING = YES;
				CLANG_WARN_BOOL_CONVERSION = YES;
				CLANG_WARN_COMMA = YES;
				CLANG_WARN_CONSTANT_CONVERSION = YES;
				CLANG_WARN_DEPRECATED_OBJC_IMPLEMENTATIONS = YES;
				CLANG_WARN_DIRECT_OBJC_ISA_USAGE = YES_ERROR;
				CLANG_WARN_DOCUMENTATION_COMMENTS = YES;
				CLANG_WARN_EMPTY_BODY = YES;
				CLANG_WARN_ENUM_CONVERSION = YES;
				CLANG_WARN_INFINITE_RECURSION = YES;
				CLANG_WARN_INT_CONVERSION = YES;
				CLANG_WARN_NON_LITERAL_NULL_CONVERSION = YES;
				CLANG_WARN_OBJC_IMPLICIT_RETAIN_SELF = YES;
				CLANG_WARN_OBJC_LITERAL_CONVERSION = YES;
				CLANG_WARN_OBJC_ROOT_CLASS = YES_ERROR;
				CLANG_WARN_RANGE_LOOP_ANALYSIS = YES;
				CLANG_WARN_STRICT_PROTOTYPES = YES;
				CLANG_WARN_SUSPICIOUS_MOVE = YES;
				CLANG_WARN_UNGUARDED_AVAILABILITY = YES_AGGRESSIVE;
				CLANG_WARN_UNREACHABLE_CODE = YES;
				CLANG_WARN__DUPLICATE_METHOD_MATCH = YES;
				CODE_SIGN_IDENTITY = "iPhone Developer";
				COPY_PHASE_STRIP = NO;
				DEBUG_INFORMATION_FORMAT = "dwarf-with-dsym";
				ENABLE_NS_ASSERTIONS = NO;
				ENABLE_STRICT_OBJC_MSGSEND = YES;
				GCC_C_LANGUAGE_STANDARD = gnu11;
				GCC_NO_COMMON_BLOCKS = YES;
				GCC_WARN_64_TO_32_BIT_CONVERSION = YES;
				GCC_WARN_ABOUT_RETURN_TYPE = YES_ERROR;
				GCC_WARN_UNDECLARED_SELECTOR = YES;
				GCC_WARN_UNINITIALIZED_AUTOS = YES_AGGRESSIVE;
				GCC_WARN_UNUSED_FUNCTION = YES;
				GCC_WARN_UNUSED_VARIABLE = YES;
				IPHONEOS_DEPLOYMENT_TARGET = 12.0;
				MTL_ENABLE_DEBUG_INFO = NO;
				MTL_FAST_MATH = YES;
				SDKROOT = iphoneos;
				SWIFT_COMPILATION_MODE = wholemodule;
				SWIFT_OPTIMIZATION_LEVEL = "-O";
				VALIDATE_PRODUCT = YES;
			};
			name = Release;
		};
		F4A6A0F222FBBD9F0024B541 /* Debug */ = {
			isa = XCBuildConfiguration;
			buildSettings = {
				ASSETCATALOG_COMPILER_APPICON_NAME = AppIcon;
				CODE_SIGN_STYLE = Automatic;
				INFOPLIST_FILE = DemoSearchBar/Info.plist;
				LD_RUNPATH_SEARCH_PATHS = (
					"$(inherited)",
					"@executable_path/Frameworks",
				);
				PRODUCT_BUNDLE_IDENTIFIER = QN.DemoSearchBar;
				PRODUCT_NAME = "$(TARGET_NAME)";
				SWIFT_VERSION = 4.2;
				TARGETED_DEVICE_FAMILY = "1,2";
			};
			name = Debug;
		};
		F4A6A0F322FBBD9F0024B541 /* Release */ = {
			isa = XCBuildConfiguration;
			buildSettings = {
				ASSETCATALOG_COMPILER_APPICON_NAME = AppIcon;
				CODE_SIGN_STYLE = Automatic;
				INFOPLIST_FILE = DemoSearchBar/Info.plist;
				LD_RUNPATH_SEARCH_PATHS = (
					"$(inherited)",
					"@executable_path/Frameworks",
				);
				PRODUCT_BUNDLE_IDENTIFIER = QN.DemoSearchBar;
				PRODUCT_NAME = "$(TARGET_NAME)";
				SWIFT_VERSION = 4.2;
				TARGETED_DEVICE_FAMILY = "1,2";
			};
			name = Release;
		};
/* End XCBuildConfiguration section */

/* Begin XCConfigurationList section */
		F4A6A0DA22FBBD9E0024B541 /* Build configuration list for PBXProject "DemoSearchBar" */ = {
			isa = XCConfigurationList;
			buildConfigurations = (
				F4A6A0EF22FBBD9F0024B541 /* Debug */,
				F4A6A0F022FBBD9F0024B541 /* Release */,
			);
			defaultConfigurationIsVisible = 0;
			defaultConfigurationName = Release;
		};
		F4A6A0F122FBBD9F0024B541 /* Build configuration list for PBXNativeTarget "DemoSearchBar" */ = {
			isa = XCConfigurationList;
			buildConfigurations = (
				F4A6A0F222FBBD9F0024B541 /* Debug */,
				F4A6A0F322FBBD9F0024B541 /* Release */,
			);
			defaultConfigurationIsVisible = 0;
			defaultConfigurationName = Release;
		};
/* End XCConfigurationList section */
	};
	rootObject = F4A6A0D722FBBD9E0024B541 /* Project object */;
}
